
Microsoft Visual Studio Solution File, Format Version 12.00
# Visual Studio Version 16
VisualStudioVersion = 16.0.31005.135
MinimumVisualStudioVersion = 10.0.40219.1
Project("{FAE04EC0-301F-11D3-BF4B-00C04F79EFBC}") = "SampleDemoSpeedIdentity", "SampleDemoSpeedIdentity\SampleDemoSpeedIdentity.csproj", "{37D348A8-F870-4501-B1F9-04586483B63C}"
EndProject
Project("{FAE04EC0-301F-11D3-BF4B-00C04F79EFBC}") = "SampleDemoSpeedIdentityTests", "SampleDemoSpeedIdentityTests\SampleDemoSpeedIdentityTests.csproj", "{8DC8583D-3686-4AF9-AFA4-BAAE70355173}"
EndProject
Project("{FAE04EC0-301F-11D3-BF4B-00C04F79EFBC}") = "DataStructure", "DataStructure\DataStructure.csproj", "{88AF1CC0-ABC5-467C-9CEA-A2BEE8819CEB}"
EndProject
Project("{FAE04EC0-301F-11D3-BF4B-00C04F79EFBC}") = "CalculatorSample", "Calculator\CalculatorSample.csproj", "{7E9BCC65-D6AC-45B7-A319-58EA151C9420}"
EndProject
Global
	GlobalSection(SolutionConfigurationPlatforms) = preSolution
		Debug|Any CPU = Debug|Any CPU
		Release|Any CPU = Release|Any CPU
	EndGlobalSection
	GlobalSection(ProjectConfigurationPlatforms) = postSolution
		{37D348A8-F870-4501-B1F9-04586483B63C}.Debug|Any CPU.ActiveCfg = Debug|Any CPU
		{37D348A8-F870-4501-B1F9-04586483B63C}.Debug|Any CPU.Build.0 = Debug|Any CPU
		{37D348A8-F870-4501-B1F9-04586483B63C}.Release|Any CPU.ActiveCfg = Release|Any CPU
		{37D348A8-F870-4501-B1F9-04586483B63C}.Release|Any CPU.Build.0 = Release|Any CPU
		{8DC8583D-3686-4AF9-AFA4-BAAE70355173}.Debug|Any CPU.ActiveCfg = Debug|Any CPU
		{8DC8583D-3686-4AF9-AFA4-BAAE70355173}.Debug|Any CPU.Build.0 = Debug|Any CPU
		{8DC8583D-3686-4AF9-AFA4-BAAE70355173}.Release|Any CPU.ActiveCfg = Release|Any CPU
		{8DC8583D-3686-4AF9-AFA4-BAAE70355173}.Release|Any CPU.Build.0 = Release|Any CPU
		{88AF1CC0-ABC5-467C-9CEA-A2BEE8819CEB}.Debug|Any CPU.ActiveCfg = Debug|Any CPU
		{88AF1CC0-ABC5-467C-9CEA-A2BEE8819CEB}.Debug|Any CPU.Build.0 = Debug|Any CPU
		{88AF1CC0-ABC5-467C-9CEA-A2BEE8819CEB}.Release|Any CPU.ActiveCfg = Release|Any CPU
		{88AF1CC0-ABC5-467C-9CEA-A2BEE8819CEB}.Release|Any CPU.Build.0 = Release|Any CPU
		{7E9BCC65-D6AC-45B7-A319-58EA151C9420}.Debug|Any CPU.ActiveCfg = Debug|Any CPU
		{7E9BCC65-D6AC-45B7-A319-58EA151C9420}.Debug|Any CPU.Build.0 = Debug|Any CPU
		{7E9BCC65-D6AC-45B7-A319-58EA151C9420}.Release|Any CPU.ActiveCfg = Release|Any CPU
		{7E9BCC65-D6AC-45B7-A319-58EA151C9420}.Release|Any CPU.Build.0 = Release|Any CPU
	EndGlobalSection
	GlobalSection(SolutionProperties) = preSolution
		HideSolutionNode = FALSE
	EndGlobalSection
	GlobalSection(ExtensibilityGlobals) = postSolution
		SolutionGuid = {ED74FBED-6DD4-4544-8C9E-E553D8FD2CC7}
	EndGlobalSection
EndGlobal
